
Microsoft Visual Studio Solution File, Format Version 12.00
# Visual Studio Version 17
VisualStudioVersion = 17.5.002.0
MinimumVisualStudioVersion = 10.0.40219.1
Project("{9A19103F-16F7-4668-BE54-9A1E7A4F7556}") = "Barberia", "Barberia.csproj", "{B382664F-BB63-41BA-9D21-4F0B23637E1E}"
EndProject
Global
	GlobalSection(SolutionConfigurationPlatforms) = preSolution
		Debug|Any CPU = Debug|Any CPU
		Release|Any CPU = Release|Any CPU
	EndGlobalSection
	GlobalSection(ProjectConfigurationPlatforms) = postSolution
		{B382664F-BB63-41BA-9D21-4F0B23637E1E}.Debug|Any CPU.ActiveCfg = Debug|Any CPU
		{B382664F-BB63-41BA-9D21-4F0B23637E1E}.Debug|Any CPU.Build.0 = Debug|Any CPU
		{B382664F-BB63-41BA-9D21-4F0B23637E1E}.Release|Any CPU.ActiveCfg = Release|Any CPU
		{B382664F-BB63-41BA-9D21-4F0B23637E1E}.Release|Any CPU.Build.0 = Release|Any CPU
	EndGlobalSection
	GlobalSection(SolutionProperties) = preSolution
		HideSolutionNode = FALSE
	EndGlobalSection
	GlobalSection(ExtensibilityGlobals) = postSolution
		SolutionGuid = {8ECB4590-3886-4D04-B0E5-F0CCE7FAA9B3}
	EndGlobalSection
EndGlobal
